
Microsoft Visual Studio Solution File, Format Version 12.00
# Visual Studio Version 17
VisualStudioVersion = 17.10.34607.79
MinimumVisualStudioVersion = 10.0.40219.1
Project("{9A19103F-16F7-4668-BE54-9A1E7A4F7556}") = "Expense Tracker", "Expense Tracker\Expense Tracker.csproj", "{9A69AB46-07CD-4BC1-B3F0-D4C66BC98E59}"
EndProject
Project("{2150E333-8FDC-42A3-9474-1A3956D46DE8}") = "Solution Items", "Solution Items", "{D67C2397-53D5-4A59-A087-EA7462B9C2A5}"
	ProjectSection(SolutionItems) = preProject
		.editorconfig = .editorconfig
	EndProjectSection
EndProject
Global
	GlobalSection(SolutionConfigurationPlatforms) = preSolution
		Debug|Any CPU = Debug|Any CPU
		Release|Any CPU = Release|Any CPU
	EndGlobalSection
	GlobalSection(ProjectConfigurationPlatforms) = postSolution
		{9A69AB46-07CD-4BC1-B3F0-D4C66BC98E59}.Debug|Any CPU.ActiveCfg = Debug|Any CPU
		{9A69AB46-07CD-4BC1-B3F0-D4C66BC98E59}.Debug|Any CPU.Build.0 = Debug|Any CPU
		{9A69AB46-07CD-4BC1-B3F0-D4C66BC98E59}.Release|Any CPU.ActiveCfg = Release|Any CPU
		{9A69AB46-07CD-4BC1-B3F0-D4C66BC98E59}.Release|Any CPU.Build.0 = Release|Any CPU
	EndGlobalSection
	GlobalSection(SolutionProperties) = preSolution
		HideSolutionNode = FALSE
	EndGlobalSection
	GlobalSection(ExtensibilityGlobals) = postSolution
		SolutionGuid = {BA2D5AC4-BA46-4E19-B7B3-5CAD0203A3C9}
	EndGlobalSection
EndGlobal
